
Microsoft Visual Studio Solution File, Format Version 12.00
# Visual Studio Version 17
VisualStudioVersion = 17.0.31912.275
MinimumVisualStudioVersion = 10.0.40219.1
Project("{9A19103F-16F7-4668-BE54-9A1E7A4F7556}") = "BlazorUI", "BlazorUI\BlazorUI.csproj", "{0B3AC4CC-04F7-48EA-96B9-5A27598064CC}"
EndProject
Project("{9A19103F-16F7-4668-BE54-9A1E7A4F7556}") = "DemoLib", "DemoLib\DemoLib.csproj", "{7DD91370-48C5-4463-A7F6-383E28EB33B7}"
EndProject
Project("{FAE04EC0-301F-11D3-BF4B-00C04F79EFBC}") = "DemoAPI", "DemoAPI\DemoAPI.csproj", "{767815E6-61A9-45C5-8B5F-18640F3F20E3}"
EndProject
Global
	GlobalSection(SolutionConfigurationPlatforms) = preSolution
		Debug|Any CPU = Debug|Any CPU
		Release|Any CPU = Release|Any CPU
	EndGlobalSection
	GlobalSection(ProjectConfigurationPlatforms) = postSolution
		{0B3AC4CC-04F7-48EA-96B9-5A27598064CC}.Debug|Any CPU.ActiveCfg = Debug|Any CPU
		{0B3AC4CC-04F7-48EA-96B9-5A27598064CC}.Debug|Any CPU.Build.0 = Debug|Any CPU
		{0B3AC4CC-04F7-48EA-96B9-5A27598064CC}.Release|Any CPU.ActiveCfg = Release|Any CPU
		{0B3AC4CC-04F7-48EA-96B9-5A27598064CC}.Release|Any CPU.Build.0 = Release|Any CPU
		{7DD91370-48C5-4463-A7F6-383E28EB33B7}.Debug|Any CPU.ActiveCfg = Debug|Any CPU
		{7DD91370-48C5-4463-A7F6-383E28EB33B7}.Debug|Any CPU.Build.0 = Debug|Any CPU
		{7DD91370-48C5-4463-A7F6-383E28EB33B7}.Release|Any CPU.ActiveCfg = Release|Any CPU
		{7DD91370-48C5-4463-A7F6-383E28EB33B7}.Release|Any CPU.Build.0 = Release|Any CPU
		{767815E6-61A9-45C5-8B5F-18640F3F20E3}.Debug|Any CPU.ActiveCfg = Debug|Any CPU
		{767815E6-61A9-45C5-8B5F-18640F3F20E3}.Debug|Any CPU.Build.0 = Debug|Any CPU
		{767815E6-61A9-45C5-8B5F-18640F3F20E3}.Release|Any CPU.ActiveCfg = Release|Any CPU
		{767815E6-61A9-45C5-8B5F-18640F3F20E3}.Release|Any CPU.Build.0 = Release|Any CPU
	EndGlobalSection
	GlobalSection(SolutionProperties) = preSolution
		HideSolutionNode = FALSE
	EndGlobalSection
	GlobalSection(ExtensibilityGlobals) = postSolution
		SolutionGuid = {DFE2AF1F-C46B-4D8D-AA40-401FD8402198}
	EndGlobalSection
EndGlobal
